
Microsoft Visual Studio Solution File, Format Version 12.00
# Visual Studio Version 17
VisualStudioVersion = 17.14.36221.1
MinimumVisualStudioVersion = 10.0.40219.1
Project("{FAE04EC0-301F-11D3-BF4B-00C04F79EFBC}") = "CookiesAuth", "CookiesAuth.csproj", "{B85E161C-218D-4B10-942D-184B6D245108}"
EndProject
Global
	GlobalSection(SolutionConfigurationPlatforms) = preSolution
		Debug|Any CPU = Debug|Any CPU
		Release|Any CPU = Release|Any CPU
	EndGlobalSection
	GlobalSection(ProjectConfigurationPlatforms) = postSolution
		{B85E161C-218D-4B10-942D-184B6D245108}.Debug|Any CPU.ActiveCfg = Debug|Any CPU
		{B85E161C-218D-4B10-942D-184B6D245108}.Debug|Any CPU.Build.0 = Debug|Any CPU
		{B85E161C-218D-4B10-942D-184B6D245108}.Release|Any CPU.ActiveCfg = Release|Any CPU
		{B85E161C-218D-4B10-942D-184B6D245108}.Release|Any CPU.Build.0 = Release|Any CPU
	EndGlobalSection
	GlobalSection(SolutionProperties) = preSolution
		HideSolutionNode = FALSE
	EndGlobalSection
	GlobalSection(ExtensibilityGlobals) = postSolution
		SolutionGuid = {3F879C20-4E9A-4D31-B490-3DB42BE78446}
	EndGlobalSection
EndGlobal
